// !$*UTF8*$!
{
	archiveVersion = 1;
	classes = {
	};
	objectVersion = 50;
	objects = {

/* Begin PBXBuildFile section */
		C914438E256B50D7003699B1 /* AppDelegate.swift in Sources */ = {isa = PBXBuildFile; fileRef = C914438D256B50D7003699B1 /* AppDelegate.swift */; };
		C9144392256B50D7003699B1 /* ViewController.swift in Sources */ = {isa = PBXBuildFile; fileRef = C9144391256B50D7003699B1 /* ViewController.swift */; };
		C9144395256B50D7003699B1 /* Main.storyboard in Resources */ = {isa = PBXBuildFile; fileRef = C9144393256B50D7003699B1 /* Main.storyboard */; };
		C9144397256B50DA003699B1 /* Assets.xcassets in Resources */ = {isa = PBXBuildFile; fileRef = C9144396256B50DA003699B1 /* Assets.xcassets */; };
		C914439A256B50DA003699B1 /* LaunchScreen.storyboard in Resources */ = {isa = PBXBuildFile; fileRef = C9144398256B50DA003699B1 /* LaunchScreen.storyboard */; };
		C91443A5256B50DB003699B1 /* LogisticsInformationListTests.swift in Sources */ = {isa = PBXBuildFile; fileRef = C91443A4256B50DB003699B1 /* LogisticsInformationListTests.swift */; };
		C91443B0256B50DB003699B1 /* LogisticsInformationListUITests.swift in Sources */ = {isa = PBXBuildFile; fileRef = C91443AF256B50DB003699B1 /* LogisticsInformationListUITests.swift */; };
		C91443C7256B5392003699B1 /* LogisticsTableViewCell.swift in Sources */ = {isa = PBXBuildFile; fileRef = C91443C6256B5392003699B1 /* LogisticsTableViewCell.swift */; };
		C91443F2256B54F8003699B1 /* ConstraintMultiplierTarget.swift in Sources */ = {isa = PBXBuildFile; fileRef = C91443CD256B54F7003699B1 /* ConstraintMultiplierTarget.swift */; };
		C91443F3256B54F8003699B1 /* LayoutConstraintItem.swift in Sources */ = {isa = PBXBuildFile; fileRef = C91443CE256B54F7003699B1 /* LayoutConstraintItem.swift */; };
		C91443F4256B54F8003699B1 /* ConstraintDescription.swift in Sources */ = {isa = PBXBuildFile; fileRef = C91443CF256B54F7003699B1 /* ConstraintDescription.swift */; };
		C91443F5256B54F8003699B1 /* ConstraintMakerPriortizable.swift in Sources */ = {isa = PBXBuildFile; fileRef = C91443D0256B54F7003699B1 /* ConstraintMakerPriortizable.swift */; };
		C91443F6256B54F8003699B1 /* ConstraintAttributes.swift in Sources */ = {isa = PBXBuildFile; fileRef = C91443D1256B54F7003699B1 /* ConstraintAttributes.swift */; };
		C91443F7256B54F8003699B1 /* ConstraintViewDSL.swift in Sources */ = {isa = PBXBuildFile; fileRef = C91443D2256B54F7003699B1 /* ConstraintViewDSL.swift */; };
		C91443F8256B54F8003699B1 /* ConstraintPriorityTarget.swift in Sources */ = {isa = PBXBuildFile; fileRef = C91443D3256B54F7003699B1 /* ConstraintPriorityTarget.swift */; };
		C91443F9256B54F8003699B1 /* ConstraintInsets.swift in Sources */ = {isa = PBXBuildFile; fileRef = C91443D4256B54F7003699B1 /* ConstraintInsets.swift */; };
		C91443FA256B54F8003699B1 /* ConstraintMakerFinalizable.swift in Sources */ = {isa = PBXBuildFile; fileRef = C91443D5256B54F7003699B1 /* ConstraintMakerFinalizable.swift */; };
		C91443FB256B54F8003699B1 /* ConstraintDSL.swift in Sources */ = {isa = PBXBuildFile; fileRef = C91443D6256B54F7003699B1 /* ConstraintDSL.swift */; };
		C91443FC256B54F8003699B1 /* ConstraintMakerExtendable.swift in Sources */ = {isa = PBXBuildFile; fileRef = C91443D7256B54F7003699B1 /* ConstraintMakerExtendable.swift */; };
		C91443FD256B54F8003699B1 /* ConstraintPriority.swift in Sources */ = {isa = PBXBuildFile; fileRef = C91443D8256B54F7003699B1 /* ConstraintPriority.swift */; };
		C91443FE256B54F8003699B1 /* ConstraintInsetTarget.swift in Sources */ = {isa = PBXBuildFile; fileRef = C91443D9256B54F7003699B1 /* ConstraintInsetTarget.swift */; };
		C91443FF256B54F8003699B1 /* ConstraintDirectionalInsetTarget.swift in Sources */ = {isa = PBXBuildFile; fileRef = C91443DA256B54F7003699B1 /* ConstraintDirectionalInsetTarget.swift */; };
		C9144400256B54F8003699B1 /* ConstraintConfig.swift in Sources */ = {isa = PBXBuildFile; fileRef = C91443DC256B54F8003699B1 /* ConstraintConfig.swift */; };
		C9144401256B54F8003699B1 /* UILayoutSupport+Extensions.swift in Sources */ = {isa = PBXBuildFile; fileRef = C91443DD256B54F8003699B1 /* UILayoutSupport+Extensions.swift */; };
		C9144402256B54F8003699B1 /* ConstraintView.swift in Sources */ = {isa = PBXBuildFile; fileRef = C91443DE256B54F8003699B1 /* ConstraintView.swift */; };
		C9144403256B54F8003699B1 /* ConstraintLayoutGuide.swift in Sources */ = {isa = PBXBuildFile; fileRef = C91443DF256B54F8003699B1 /* ConstraintLayoutGuide.swift */; };
		C9144404256B54F8003699B1 /* ConstraintLayoutSupport.swift in Sources */ = {isa = PBXBuildFile; fileRef = C91443E0256B54F8003699B1 /* ConstraintLayoutSupport.swift */; };
		C9144405256B54F8003699B1 /* Typealiases.swift in Sources */ = {isa = PBXBuildFile; fileRef = C91443E1256B54F8003699B1 /* Typealiases.swift */; };
		C9144406256B54F8003699B1 /* ConstraintConstantTarget.swift in Sources */ = {isa = PBXBuildFile; fileRef = C91443E2256B54F8003699B1 /* ConstraintConstantTarget.swift */; };
		C9144407256B54F8003699B1 /* ConstraintOffsetTarget.swift in Sources */ = {isa = PBXBuildFile; fileRef = C91443E3256B54F8003699B1 /* ConstraintOffsetTarget.swift */; };
		C9144408256B54F8003699B1 /* ConstraintMakerEditable.swift in Sources */ = {isa = PBXBuildFile; fileRef = C91443E4256B54F8003699B1 /* ConstraintMakerEditable.swift */; };
		C9144409256B54F8003699B1 /* ConstraintMaker.swift in Sources */ = {isa = PBXBuildFile; fileRef = C91443E5256B54F8003699B1 /* ConstraintMaker.swift */; };
		C914440A256B54F8003699B1 /* ConstraintRelation.swift in Sources */ = {isa = PBXBuildFile; fileRef = C91443E6256B54F8003699B1 /* ConstraintRelation.swift */; };
		C914440B256B54F8003699B1 /* ConstraintLayoutGuideDSL.swift in Sources */ = {isa = PBXBuildFile; fileRef = C91443E7256B54F8003699B1 /* ConstraintLayoutGuideDSL.swift */; };
		C914440C256B54F8003699B1 /* ConstraintView+Extensions.swift in Sources */ = {isa = PBXBuildFile; fileRef = C91443E8256B54F8003699B1 /* ConstraintView+Extensions.swift */; };
		C914440D256B54F8003699B1 /* ConstraintItem.swift in Sources */ = {isa = PBXBuildFile; fileRef = C91443E9256B54F8003699B1 /* ConstraintItem.swift */; };
		C914440E256B54F8003699B1 /* Constraint.swift in Sources */ = {isa = PBXBuildFile; fileRef = C91443EA256B54F8003699B1 /* Constraint.swift */; };
		C914440F256B54F8003699B1 /* Debugging.swift in Sources */ = {isa = PBXBuildFile; fileRef = C91443EB256B54F8003699B1 /* Debugging.swift */; };
		C9144410256B54F8003699B1 /* ConstraintRelatableTarget.swift in Sources */ = {isa = PBXBuildFile; fileRef = C91443EC256B54F8003699B1 /* ConstraintRelatableTarget.swift */; };
		C9144411256B54F8003699B1 /* LayoutConstraint.swift in Sources */ = {isa = PBXBuildFile; fileRef = C91443ED256B54F8003699B1 /* LayoutConstraint.swift */; };
		C9144412256B54F8003699B1 /* ConstraintLayoutGuide+Extensions.swift in Sources */ = {isa = PBXBuildFile; fileRef = C91443EE256B54F8003699B1 /* ConstraintLayoutGuide+Extensions.swift */; };
		C9144413256B54F8003699B1 /* ConstraintDirectionalInsets.swift in Sources */ = {isa = PBXBuildFile; fileRef = C91443EF256B54F8003699B1 /* ConstraintDirectionalInsets.swift */; };
		C9144414256B54F8003699B1 /* ConstraintLayoutSupportDSL.swift in Sources */ = {isa = PBXBuildFile; fileRef = C91443F0256B54F8003699B1 /* ConstraintLayoutSupportDSL.swift */; };
		C9144415256B54F8003699B1 /* ConstraintMakerRelatable.swift in Sources */ = {isa = PBXBuildFile; fileRef = C91443F1256B54F8003699B1 /* ConstraintMakerRelatable.swift */; };
/* End PBXBuildFile section */

/* Begin PBXContainerItemProxy section */
		C91443A1256B50DB003699B1 /* PBXContainerItemProxy */ = {
			isa = PBXContainerItemProxy;
			containerPortal = C9144382256B50D7003699B1 /* Project object */;
			proxyType = 1;
			remoteGlobalIDString = C9144389256B50D7003699B1;
			remoteInfo = LogisticsInformationList;
		};
		C91443AC256B50DB003699B1 /* PBXContainerItemProxy */ = {
			isa = PBXContainerItemProxy;
			containerPortal = C9144382256B50D7003699B1 /* Project object */;
			proxyType = 1;
			remoteGlobalIDString = C9144389256B50D7003699B1;
			remoteInfo = LogisticsInformationList;
		};
/* End PBXContainerItemProxy section */

/* Begin PBXFileReference section */
		C914438A256B50D7003699B1 /* LogisticsInformationList.app */ = {isa = PBXFileReference; explicitFileType = wrapper.application; includeInIndex = 0; path = LogisticsInformationList.app; sourceTree = BUILT_PRODUCTS_DIR; };
		C914438D256B50D7003699B1 /* AppDelegate.swift */ = {isa = PBXFileReference; lastKnownFileType = sourcecode.swift; path = AppDelegate.swift; sourceTree = "<group>"; };
		C9144391256B50D7003699B1 /* ViewController.swift */ = {isa = PBXFileReference; lastKnownFileType = sourcecode.swift; path = ViewController.swift; sourceTree = "<group>"; };
		C9144394256B50D7003699B1 /* Base */ = {isa = PBXFileReference; lastKnownFileType = file.storyboard; name = Base; path = Base.lproj/Main.storyboard; sourceTree = "<group>"; };
		C9144396256B50DA003699B1 /* Assets.xcassets */ = {isa = PBXFileReference; lastKnownFileType = folder.assetcatalog; path = Assets.xcassets; sourceTree = "<group>"; };
		C9144399256B50DA003699B1 /* Base */ = {isa = PBXFileReference; lastKnownFileType = file.storyboard; name = Base; path = Base.lproj/LaunchScreen.storyboard; sourceTree = "<group>"; };
		C914439B256B50DA003699B1 /* Info.plist */ = {isa = PBXFileReference; lastKnownFileType = text.plist.xml; path = Info.plist; sourceTree = "<group>"; };
		C91443A0256B50DB003699B1 /* LogisticsInformationListTests.xctest */ = {isa = PBXFileReference; explicitFileType = wrapper.cfbundle; includeInIndex = 0; path = LogisticsInformationListTests.xctest; sourceTree = BUILT_PRODUCTS_DIR; };
		C91443A4256B50DB003699B1 /* LogisticsInformationListTests.swift */ = {isa = PBXFileReference; lastKnownFileType = sourcecode.swift; path = LogisticsInformationListTests.swift; sourceTree = "<group>"; };
		C91443A6256B50DB003699B1 /* Info.plist */ = {isa = PBXFileReference; lastKnownFileType = text.plist.xml; path = Info.plist; sourceTree = "<group>"; };
		C91443AB256B50DB003699B1 /* LogisticsInformationListUITests.xctest */ = {isa = PBXFileReference; explicitFileType = wrapper.cfbundle; includeInIndex = 0; path = LogisticsInformationListUITests.xctest; sourceTree = BUILT_PRODUCTS_DIR; };
		C91443AF256B50DB003699B1 /* LogisticsInformationListUITests.swift */ = {isa = PBXFileReference; lastKnownFileType = sourcecode.swift; path = LogisticsInformationListUITests.swift; sourceTree = "<group>"; };
		C91443B1256B50DB003699B1 /* Info.plist */ = {isa = PBXFileReference; lastKnownFileType = text.plist.xml; path = Info.plist; sourceTree = "<group>"; };
		C91443C6256B5392003699B1 /* LogisticsTableViewCell.swift */ = {isa = PBXFileReference; lastKnownFileType = sourcecode.swift; path = LogisticsTableViewCell.swift; sourceTree = "<group>"; };
		C91443CD256B54F7003699B1 /* ConstraintMultiplierTarget.swift */ = {isa = PBXFileReference; fileEncoding = 4; lastKnownFileType = sourcecode.swift; path = ConstraintMultiplierTarget.swift; sourceTree = "<group>"; };
		C91443CE256B54F7003699B1 /* LayoutConstraintItem.swift */ = {isa = PBXFileReference; fileEncoding = 4; lastKnownFileType = sourcecode.swift; path = LayoutConstraintItem.swift; sourceTree = "<group>"; };
		C91443CF256B54F7003699B1 /* ConstraintDescription.swift */ = {isa = PBXFileReference; fileEncoding = 4; lastKnownFileType = sourcecode.swift; path = ConstraintDescription.swift; sourceTree = "<group>"; };
		C91443D0256B54F7003699B1 /* ConstraintMakerPriortizable.swift */ = {isa = PBXFileReference; fileEncoding = 4; lastKnownFileType = sourcecode.swift; path = ConstraintMakerPriortizable.swift; sourceTree = "<group>"; };
		C91443D1256B54F7003699B1 /* ConstraintAttributes.swift */ = {isa = PBXFileReference; fileEncoding = 4; lastKnownFileType = sourcecode.swift; path = ConstraintAttributes.swift; sourceTree = "<group>"; };
		C91443D2256B54F7003699B1 /* ConstraintViewDSL.swift */ = {isa = PBXFileReference; fileEncoding = 4; lastKnownFileType = sourcecode.swift; path = ConstraintViewDSL.swift; sourceTree = "<group>"; };
		C91443D3256B54F7003699B1 /* ConstraintPriorityTarget.swift */ = {isa = PBXFileReference; fileEncoding = 4; lastKnownFileType = sourcecode.swift; path = ConstraintPriorityTarget.swift; sourceTree = "<group>"; };
		C91443D4256B54F7003699B1 /* ConstraintInsets.swift */ = {isa = PBXFileReference; fileEncoding = 4; lastKnownFileType = sourcecode.swift; path = ConstraintInsets.swift; sourceTree = "<group>"; };
		C91443D5256B54F7003699B1 /* ConstraintMakerFinalizable.swift */ = {isa = PBXFileReference; fileEncoding = 4; lastKnownFileType = sourcecode.swift; path = ConstraintMakerFinalizable.swift; sourceTree = "<group>"; };
		C91443D6256B54F7003699B1 /* ConstraintDSL.swift */ = {isa = PBXFileReference; fileEncoding = 4; lastKnownFileType = sourcecode.swift; path = ConstraintDSL.swift; sourceTree = "<group>"; };
		C91443D7256B54F7003699B1 /* ConstraintMakerExtendable.swift */ = {isa = PBXFileReference; fileEncoding = 4; lastKnownFileType = sourcecode.swift; path = ConstraintMakerExtendable.swift; sourceTree = "<group>"; };
		C91443D8256B54F7003699B1 /* ConstraintPriority.swift */ = {isa = PBXFileReference; fileEncoding = 4; lastKnownFileType = sourcecode.swift; path = ConstraintPriority.swift; sourceTree = "<group>"; };
		C91443D9256B54F7003699B1 /* ConstraintInsetTarget.swift */ = {isa = PBXFileReference; fileEncoding = 4; lastKnownFileType = sourcecode.swift; path = ConstraintInsetTarget.swift; sourceTree = "<group>"; };
		C91443DA256B54F7003699B1 /* ConstraintDirectionalInsetTarget.swift */ = {isa = PBXFileReference; fileEncoding = 4; lastKnownFileType = sourcecode.swift; path = ConstraintDirectionalInsetTarget.swift; sourceTree = "<group>"; };
		C91443DB256B54F8003699B1 /* SnapKit.h */ = {isa = PBXFileReference; fileEncoding = 4; lastKnownFileType = sourcecode.c.h; path = SnapKit.h; sourceTree = "<group>"; };
		C91443DC256B54F8003699B1 /* ConstraintConfig.swift */ = {isa = PBXFileReference; fileEncoding = 4; lastKnownFileType = sourcecode.swift; path = ConstraintConfig.swift; sourceTree = "<group>"; };
		C91443DD256B54F8003699B1 /* UILayoutSupport+Extensions.swift */ = {isa = PBXFileReference; fileEncoding = 4; lastKnownFileType = sourcecode.swift; path = "UILayoutSupport+Extensions.swift"; sourceTree = "<group>"; };
		C91443DE256B54F8003699B1 /* ConstraintView.swift */ = {isa = PBXFileReference; fileEncoding = 4; lastKnownFileType = sourcecode.swift; path = ConstraintView.swift; sourceTree = "<group>"; };
		C91443DF256B54F8003699B1 /* ConstraintLayoutGuide.swift */ = {isa = PBXFileReference; fileEncoding = 4; lastKnownFileType = sourcecode.swift; path = ConstraintLayoutGuide.swift; sourceTree = "<group>"; };
		C91443E0256B54F8003699B1 /* ConstraintLayoutSupport.swift */ = {isa = PBXFileReference; fileEncoding = 4; lastKnownFileType = sourcecode.swift; path = ConstraintLayoutSupport.swift; sourceTree = "<group>"; };
		C91443E1256B54F8003699B1 /* Typealiases.swift */ = {isa = PBXFileReference; fileEncoding = 4; lastKnownFileType = sourcecode.swift; path = Typealiases.swift; sourceTree = "<group>"; };
		C91443E2256B54F8003699B1 /* ConstraintConstantTarget.swift */ = {isa = PBXFileReference; fileEncoding = 4; lastKnownFileType = sourcecode.swift; path = ConstraintConstantTarget.swift; sourceTree = "<group>"; };
		C91443E3256B54F8003699B1 /* ConstraintOffsetTarget.swift */ = {isa = PBXFileReference; fileEncoding = 4; lastKnownFileType = sourcecode.swift; path = ConstraintOffsetTarget.swift; sourceTree = "<group>"; };
		C91443E4256B54F8003699B1 /* ConstraintMakerEditable.swift */ = {isa = PBXFileReference; fileEncoding = 4; lastKnownFileType = sourcecode.swift; path = ConstraintMakerEditable.swift; sourceTree = "<group>"; };
		C91443E5256B54F8003699B1 /* ConstraintMaker.swift */ = {isa = PBXFileReference; fileEncoding = 4; lastKnownFileType = sourcecode.swift; path = ConstraintMaker.swift; sourceTree = "<group>"; };
		C91443E6256B54F8003699B1 /* ConstraintRelation.swift */ = {isa = PBXFileReference; fileEncoding = 4; lastKnownFileType = sourcecode.swift; path = ConstraintRelation.swift; sourceTree = "<group>"; };
		C91443E7256B54F8003699B1 /* ConstraintLayoutGuideDSL.swift */ = {isa = PBXFileReference; fileEncoding = 4; lastKnownFileType = sourcecode.swift; path = ConstraintLayoutGuideDSL.swift; sourceTree = "<group>"; };
		C91443E8256B54F8003699B1 /* ConstraintView+Extensions.swift */ = {isa = PBXFileReference; fileEncoding = 4; lastKnownFileType = sourcecode.swift; path = "ConstraintView+Extensions.swift"; sourceTree = "<group>"; };
		C91443E9256B54F8003699B1 /* ConstraintItem.swift */ = {isa = PBXFileReference; fileEncoding = 4; lastKnownFileType = sourcecode.swift; path = ConstraintItem.swift; sourceTree = "<group>"; };
		C91443EA256B54F8003699B1 /* Constraint.swift */ = {isa = PBXFileReference; fileEncoding = 4; lastKnownFileType = sourcecode.swift; path = Constraint.swift; sourceTree = "<group>"; };
		C91443EB256B54F8003699B1 /* Debugging.swift */ = {isa = PBXFileReference; fileEncoding = 4; lastKnownFileType = sourcecode.swift; path = Debugging.swift; sourceTree = "<group>"; };
		C91443EC256B54F8003699B1 /* ConstraintRelatableTarget.swift */ = {isa = PBXFileReference; fileEncoding = 4; lastKnownFileType = sourcecode.swift; path = ConstraintRelatableTarget.swift; sourceTree = "<group>"; };
		C91443ED256B54F8003699B1 /* LayoutConstraint.swift */ = {isa = PBXFileReference; fileEncoding = 4; lastKnownFileType = sourcecode.swift; path = LayoutConstraint.swift; sourceTree = "<group>"; };
		C91443EE256B54F8003699B1 /* ConstraintLayoutGuide+Extensions.swift */ = {isa = PBXFileReference; fileEncoding = 4; lastKnownFileType = sourcecode.swift; path = "ConstraintLayoutGuide+Extensions.swift"; sourceTree = "<group>"; };
		C91443EF256B54F8003699B1 /* ConstraintDirectionalInsets.swift */ = {isa = PBXFileReference; fileEncoding = 4; lastKnownFileType = sourcecode.swift; path = ConstraintDirectionalInsets.swift; sourceTree = "<group>"; };
		C91443F0256B54F8003699B1 /* ConstraintLayoutSupportDSL.swift */ = {isa = PBXFileReference; fileEncoding = 4; lastKnownFileType = sourcecode.swift; path = ConstraintLayoutSupportDSL.swift; sourceTree = "<group>"; };
		C91443F1256B54F8003699B1 /* ConstraintMakerRelatable.swift */ = {isa = PBXFileReference; fileEncoding = 4; lastKnownFileType = sourcecode.swift; path = ConstraintMakerRelatable.swift; sourceTree = "<group>"; };
/* End PBXFileReference section */

/* Begin PBXFrameworksBuildPhase section */
		C9144387256B50D7003699B1 /* Frameworks */ = {
			isa = PBXFrameworksBuildPhase;
			buildActionMask = 2147483647;
			files = (
			);
			runOnlyForDeploymentPostprocessing = 0;
		};
		C914439D256B50DB003699B1 /* Frameworks */ = {
			isa = PBXFrameworksBuildPhase;
			buildActionMask = 2147483647;
			files = (
			);
			runOnlyForDeploymentPostprocessing = 0;
		};
		C91443A8256B50DB003699B1 /* Frameworks */ = {
			isa = PBXFrameworksBuildPhase;
			buildActionMask = 2147483647;
			files = (
			);
			runOnlyForDeploymentPostprocessing = 0;
		};
/* End PBXFrameworksBuildPhase section */

/* Begin PBXGroup section */
		C9144381256B50D7003699B1 = {
			isa = PBXGroup;
			children = (
				C914438C256B50D7003699B1 /* LogisticsInformationList */,
				C91443A3256B50DB003699B1 /* LogisticsInformationListTests */,
				C91443AE256B50DB003699B1 /* LogisticsInformationListUITests */,
				C914438B256B50D7003699B1 /* Products */,
			);
			sourceTree = "<group>";
		};
		C914438B256B50D7003699B1 /* Products */ = {
			isa = PBXGroup;
			children = (
				C914438A256B50D7003699B1 /* LogisticsInformationList.app */,
				C91443A0256B50DB003699B1 /* LogisticsInformationListTests.xctest */,
				C91443AB256B50DB003699B1 /* LogisticsInformationListUITests.xctest */,
			);
			name = Products;
			sourceTree = "<group>";
		};
		C914438C256B50D7003699B1 /* LogisticsInformationList */ = {
			isa = PBXGroup;
			children = (
				C914438D256B50D7003699B1 /* AppDelegate.swift */,
				C9144391256B50D7003699B1 /* ViewController.swift */,
				C91443C6256B5392003699B1 /* LogisticsTableViewCell.swift */,
				C91443CB256B54D6003699B1 /* ThirdPart */,
				C9144393256B50D7003699B1 /* Main.storyboard */,
				C9144396256B50DA003699B1 /* Assets.xcassets */,
				C9144398256B50DA003699B1 /* LaunchScreen.storyboard */,
				C914439B256B50DA003699B1 /* Info.plist */,
			);
			path = LogisticsInformationList;
			sourceTree = "<group>";
		};
		C91443A3256B50DB003699B1 /* LogisticsInformationListTests */ = {
			isa = PBXGroup;
			children = (
				C91443A4256B50DB003699B1 /* LogisticsInformationListTests.swift */,
				C91443A6256B50DB003699B1 /* Info.plist */,
			);
			path = LogisticsInformationListTests;
			sourceTree = "<group>";
		};
		C91443AE256B50DB003699B1 /* LogisticsInformationListUITests */ = {
			isa = PBXGroup;
			children = (
				C91443AF256B50DB003699B1 /* LogisticsInformationListUITests.swift */,
				C91443B1256B50DB003699B1 /* Info.plist */,
			);
			path = LogisticsInformationListUITests;
			sourceTree = "<group>";
		};
		C91443CB256B54D6003699B1 /* ThirdPart */ = {
			isa = PBXGroup;
			children = (
				C91443CC256B54F7003699B1 /* SnapKitSource */,
			);
			path = ThirdPart;
			sourceTree = "<group>";
		};
		C91443CC256B54F7003699B1 /* SnapKitSource */ = {
			isa = PBXGroup;
			children = (
				C91443CD256B54F7003699B1 /* ConstraintMultiplierTarget.swift */,
				C91443CE256B54F7003699B1 /* LayoutConstraintItem.swift */,
				C91443CF256B54F7003699B1 /* ConstraintDescription.swift */,
				C91443D0256B54F7003699B1 /* ConstraintMakerPriortizable.swift */,
				C91443D1256B54F7003699B1 /* ConstraintAttributes.swift */,
				C91443D2256B54F7003699B1 /* ConstraintViewDSL.swift */,
				C91443D3256B54F7003699B1 /* ConstraintPriorityTarget.swift */,
				C91443D4256B54F7003699B1 /* ConstraintInsets.swift */,
				C91443D5256B54F7003699B1 /* ConstraintMakerFinalizable.swift */,
				C91443D6256B54F7003699B1 /* ConstraintDSL.swift */,
				C91443D7256B54F7003699B1 /* ConstraintMakerExtendable.swift */,
				C91443D8256B54F7003699B1 /* ConstraintPriority.swift */,
				C91443D9256B54F7003699B1 /* ConstraintInsetTarget.swift */,
				C91443DA256B54F7003699B1 /* ConstraintDirectionalInsetTarget.swift */,
				C91443DB256B54F8003699B1 /* SnapKit.h */,
				C91443DC256B54F8003699B1 /* ConstraintConfig.swift */,
				C91443DD256B54F8003699B1 /* UILayoutSupport+Extensions.swift */,
				C91443DE256B54F8003699B1 /* ConstraintView.swift */,
				C91443DF256B54F8003699B1 /* ConstraintLayoutGuide.swift */,
				C91443E0256B54F8003699B1 /* ConstraintLayoutSupport.swift */,
				C91443E1256B54F8003699B1 /* Typealiases.swift */,
				C91443E2256B54F8003699B1 /* ConstraintConstantTarget.swift */,
				C91443E3256B54F8003699B1 /* ConstraintOffsetTarget.swift */,
				C91443E4256B54F8003699B1 /* ConstraintMakerEditable.swift */,
				C91443E5256B54F8003699B1 /* ConstraintMaker.swift */,
				C91443E6256B54F8003699B1 /* ConstraintRelation.swift */,
				C91443E7256B54F8003699B1 /* ConstraintLayoutGuideDSL.swift */,
				C91443E8256B54F8003699B1 /* ConstraintView+Extensions.swift */,
				C91443E9256B54F8003699B1 /* ConstraintItem.swift */,
				C91443EA256B54F8003699B1 /* Constraint.swift */,
				C91443EB256B54F8003699B1 /* Debugging.swift */,
				C91443EC256B54F8003699B1 /* ConstraintRelatableTarget.swift */,
				C91443ED256B54F8003699B1 /* LayoutConstraint.swift */,
				C91443EE256B54F8003699B1 /* ConstraintLayoutGuide+Extensions.swift */,
				C91443EF256B54F8003699B1 /* ConstraintDirectionalInsets.swift */,
				C91443F0256B54F8003699B1 /* ConstraintLayoutSupportDSL.swift */,
				C91443F1256B54F8003699B1 /* ConstraintMakerRelatable.swift */,
			);
			path = SnapKitSource;
			sourceTree = "<group>";
		};
/* End PBXGroup section */

/* Begin PBXNativeTarget section */
		C9144389256B50D7003699B1 /* LogisticsInformationList */ = {
			isa = PBXNativeTarget;
			buildConfigurationList = C91443B4256B50DB003699B1 /* Build configuration list for PBXNativeTarget "LogisticsInformationList" */;
			buildPhases = (
				C9144386256B50D7003699B1 /* Sources */,
				C9144387256B50D7003699B1 /* Frameworks */,
				C9144388256B50D7003699B1 /* Resources */,
			);
			buildRules = (
			);
			dependencies = (
			);
			name = LogisticsInformationList;
			productName = LogisticsInformationList;
			productReference = C914438A256B50D7003699B1 /* LogisticsInformationList.app */;
			productType = "com.apple.product-type.application";
		};
		C914439F256B50DB003699B1 /* LogisticsInformationListTests */ = {
			isa = PBXNativeTarget;
			buildConfigurationList = C91443B7256B50DB003699B1 /* Build configuration list for PBXNativeTarget "LogisticsInformationListTests" */;
			buildPhases = (
				C914439C256B50DB003699B1 /* Sources */,
				C914439D256B50DB003699B1 /* Frameworks */,
				C914439E256B50DB003699B1 /* Resources */,
			);
			buildRules = (
			);
			dependencies = (
				C91443A2256B50DB003699B1 /* PBXTargetDependency */,
			);
			name = LogisticsInformationListTests;
			productName = LogisticsInformationListTests;
			productReference = C91443A0256B50DB003699B1 /* LogisticsInformationListTests.xctest */;
			productType = "com.apple.product-type.bundle.unit-test";
		};
		C91443AA256B50DB003699B1 /* LogisticsInformationListUITests */ = {
			isa = PBXNativeTarget;
			buildConfigurationList = C91443BA256B50DB003699B1 /* Build configuration list for PBXNativeTarget "LogisticsInformationListUITests" */;
			buildPhases = (
				C91443A7256B50DB003699B1 /* Sources */,
				C91443A8256B50DB003699B1 /* Frameworks */,
				C91443A9256B50DB003699B1 /* Resources */,
			);
			buildRules = (
			);
			dependencies = (
				C91443AD256B50DB003699B1 /* PBXTargetDependency */,
			);
			name = LogisticsInformationListUITests;
			productName = LogisticsInformationListUITests;
			productReference = C91443AB256B50DB003699B1 /* LogisticsInformationListUITests.xctest */;
			productType = "com.apple.product-type.bundle.ui-testing";
		};
/* End PBXNativeTarget section */

/* Begin PBXProject section */
		C9144382256B50D7003699B1 /* Project object */ = {
			isa = PBXProject;
			attributes = {
				LastSwiftUpdateCheck = 1220;
				LastUpgradeCheck = 1220;
				TargetAttributes = {
					C9144389256B50D7003699B1 = {
						CreatedOnToolsVersion = 12.2;
					};
					C914439F256B50DB003699B1 = {
						CreatedOnToolsVersion = 12.2;
						TestTargetID = C9144389256B50D7003699B1;
					};
					C91443AA256B50DB003699B1 = {
						CreatedOnToolsVersion = 12.2;
						TestTargetID = C9144389256B50D7003699B1;
					};
				};
			};
			buildConfigurationList = C9144385256B50D7003699B1 /* Build configuration list for PBXProject "LogisticsInformationList" */;
			compatibilityVersion = "Xcode 9.3";
			developmentRegion = en;
			hasScannedForEncodings = 0;
			knownRegions = (
				en,
				Base,
			);
			mainGroup = C9144381256B50D7003699B1;
			productRefGroup = C914438B256B50D7003699B1 /* Products */;
			projectDirPath = "";
			projectRoot = "";
			targets = (
				C9144389256B50D7003699B1 /* LogisticsInformationList */,
				C914439F256B50DB003699B1 /* LogisticsInformationListTests */,
				C91443AA256B50DB003699B1 /* LogisticsInformationListUITests */,
			);
		};
/* End PBXProject section */

/* Begin PBXResourcesBuildPhase section */
		C9144388256B50D7003699B1 /* Resources */ = {
			isa = PBXResourcesBuildPhase;
			buildActionMask = 2147483647;
			files = (
				C914439A256B50DA003699B1 /* LaunchScreen.storyboard in Resources */,
				C9144397256B50DA003699B1 /* Assets.xcassets in Resources */,
				C9144395256B50D7003699B1 /* Main.storyboard in Resources */,
			);
			runOnlyForDeploymentPostprocessing = 0;
		};
		C914439E256B50DB003699B1 /* Resources */ = {
			isa = PBXResourcesBuildPhase;
			buildActionMask = 2147483647;
			files = (
			);
			runOnlyForDeploymentPostprocessing = 0;
		};
		C91443A9256B50DB003699B1 /* Resources */ = {
			isa = PBXResourcesBuildPhase;
			buildActionMask = 2147483647;
			files = (
			);
			runOnlyForDeploymentPostprocessing = 0;
		};
/* End PBXResourcesBuildPhase section */

/* Begin PBXSourcesBuildPhase section */
		C9144386256B50D7003699B1 /* Sources */ = {
			isa = PBXSourcesBuildPhase;
			buildActionMask = 2147483647;
			files = (
				C91443F5256B54F8003699B1 /* ConstraintMakerPriortizable.swift in Sources */,
				C91443F6256B54F8003699B1 /* ConstraintAttributes.swift in Sources */,
				C9144409256B54F8003699B1 /* ConstraintMaker.swift in Sources */,
				C91443F2256B54F8003699B1 /* ConstraintMultiplierTarget.swift in Sources */,
				C914440F256B54F8003699B1 /* Debugging.swift in Sources */,
				C9144411256B54F8003699B1 /* LayoutConstraint.swift in Sources */,
				C9144405256B54F8003699B1 /* Typealiases.swift in Sources */,
				C914440C256B54F8003699B1 /* ConstraintView+Extensions.swift in Sources */,
				C91443FC256B54F8003699B1 /* ConstraintMakerExtendable.swift in Sources */,
				C914440D256B54F8003699B1 /* ConstraintItem.swift in Sources */,
				C9144407256B54F8003699B1 /* ConstraintOffsetTarget.swift in Sources */,
				C9144415256B54F8003699B1 /* ConstraintMakerRelatable.swift in Sources */,
				C9144400256B54F8003699B1 /* ConstraintConfig.swift in Sources */,
				C9144392256B50D7003699B1 /* ViewController.swift in Sources */,
				C914440B256B54F8003699B1 /* ConstraintLayoutGuideDSL.swift in Sources */,
				C9144403256B54F8003699B1 /* ConstraintLayoutGuide.swift in Sources */,
				C914440A256B54F8003699B1 /* ConstraintRelation.swift in Sources */,
				C91443FE256B54F8003699B1 /* ConstraintInsetTarget.swift in Sources */,
				C91443F3256B54F8003699B1 /* LayoutConstraintItem.swift in Sources */,
				C9144413256B54F8003699B1 /* ConstraintDirectionalInsets.swift in Sources */,
				C914440E256B54F8003699B1 /* Constraint.swift in Sources */,
				C9144410256B54F8003699B1 /* ConstraintRelatableTarget.swift in Sources */,
				C91443FF256B54F8003699B1 /* ConstraintDirectionalInsetTarget.swift in Sources */,
				C91443F9256B54F8003699B1 /* ConstraintInsets.swift in Sources */,
				C914438E256B50D7003699B1 /* AppDelegate.swift in Sources */,
				C91443C7256B5392003699B1 /* LogisticsTableViewCell.swift in Sources */,
				C9144408256B54F8003699B1 /* ConstraintMakerEditable.swift in Sources */,
				C9144412256B54F8003699B1 /* ConstraintLayoutGuide+Extensions.swift in Sources */,
				C91443F8256B54F8003699B1 /* ConstraintPriorityTarget.swift in Sources */,
				C9144406256B54F8003699B1 /* ConstraintConstantTarget.swift in Sources */,
				C91443FB256B54F8003699B1 /* ConstraintDSL.swift in Sources */,
				C91443FD256B54F8003699B1 /* ConstraintPriority.swift in Sources */,
				C9144402256B54F8003699B1 /* ConstraintView.swift in Sources */,
				C91443F4256B54F8003699B1 /* ConstraintDescription.swift in Sources */,
				C9144401256B54F8003699B1 /* UILayoutSupport+Extensions.swift in Sources */,
				C9144414256B54F8003699B1 /* ConstraintLayoutSupportDSL.swift in Sources */,
				C91443FA256B54F8003699B1 /* ConstraintMakerFinalizable.swift in Sources */,
				C9144404256B54F8003699B1 /* ConstraintLayoutSupport.swift in Sources */,
				C91443F7256B54F8003699B1 /* ConstraintViewDSL.swift in Sources */,
			);
			runOnlyForDeploymentPostprocessing = 0;
		};
		C914439C256B50DB003699B1 /* Sources */ = {
			isa = PBXSourcesBuildPhase;
			buildActionMask = 2147483647;
			files = (
				C91443A5256B50DB003699B1 /* LogisticsInformationListTests.swift in Sources */,
			);
			runOnlyForDeploymentPostprocessing = 0;
		};
		C91443A7256B50DB003699B1 /* Sources */ = {
			isa = PBXSourcesBuildPhase;
			buildActionMask = 2147483647;
			files = (
				C91443B0256B50DB003699B1 /* LogisticsInformationListUITests.swift in Sources */,
			);
			runOnlyForDeploymentPostprocessing = 0;
		};
/* End PBXSourcesBuildPhase section */

/* Begin PBXTargetDependency section */
		C91443A2256B50DB003699B1 /* PBXTargetDependency */ = {
			isa = PBXTargetDependency;
			target = C9144389256B50D7003699B1 /* LogisticsInformationList */;
			targetProxy = C91443A1256B50DB003699B1 /* PBXContainerItemProxy */;
		};
		C91443AD256B50DB003699B1 /* PBXTargetDependency */ = {
			isa = PBXTargetDependency;
			target = C9144389256B50D7003699B1 /* LogisticsInformationList */;
			targetProxy = C91443AC256B50DB003699B1 /* PBXContainerItemProxy */;
		};
/* End PBXTargetDependency section */

/* Begin PBXVariantGroup section */
		C9144393256B50D7003699B1 /* Main.storyboard */ = {
			isa = PBXVariantGroup;
			children = (
				C9144394256B50D7003699B1 /* Base */,
			);
			name = Main.storyboard;
			sourceTree = "<group>";
		};
		C9144398256B50DA003699B1 /* LaunchScreen.storyboard */ = {
			isa = PBXVariantGroup;
			children = (
				C9144399256B50DA003699B1 /* Base */,
			);
			name = LaunchScreen.storyboard;
			sourceTree = "<group>";
		};
/* End PBXVariantGroup section */

/* Begin XCBuildConfiguration section */
		C91443B2256B50DB003699B1 /* Debug */ = {
			isa = XCBuildConfiguration;
			buildSettings = {
				ALWAYS_SEARCH_USER_PATHS = NO;
				CLANG_ANALYZER_NONNULL = YES;
				CLANG_ANALYZER_NUMBER_OBJECT_CONVERSION = YES_AGGRESSIVE;
				CLANG_CXX_LANGUAGE_STANDARD = "gnu++14";
				CLANG_CXX_LIBRARY = "libc++";
				CLANG_ENABLE_MODULES = YES;
				CLANG_ENABLE_OBJC_ARC = YES;
				CLANG_ENABLE_OBJC_WEAK = YES;
				CLANG_WARN_BLOCK_CAPTURE_AUTORELEASING = YES;
				CLANG_WARN_BOOL_CONVERSION = YES;
				CLANG_WARN_COMMA = YES;
				CLANG_WARN_CONSTANT_CONVERSION = YES;
				CLANG_WARN_DEPRECATED_OBJC_IMPLEMENTATIONS = YES;
				CLANG_WARN_DIRECT_OBJC_ISA_USAGE = YES_ERROR;
				CLANG_WARN_DOCUMENTATION_COMMENTS = YES;
				CLANG_WARN_EMPTY_BODY = YES;
				CLANG_WARN_ENUM_CONVERSION = YES;
				CLANG_WARN_INFINITE_RECURSION = YES;
				CLANG_WARN_INT_CONVERSION = YES;
				CLANG_WARN_NON_LITERAL_NULL_CONVERSION = YES;
				CLANG_WARN_OBJC_IMPLICIT_RETAIN_SELF = YES;
				CLANG_WARN_OBJC_LITERAL_CONVERSION = YES;
				CLANG_WARN_OBJC_ROOT_CLASS = YES_ERROR;
				CLANG_WARN_QUOTED_INCLUDE_IN_FRAMEWORK_HEADER = YES;
				CLANG_WARN_RANGE_LOOP_ANALYSIS = YES;
				CLANG_WARN_STRICT_PROTOTYPES = YES;
				CLANG_WARN_SUSPICIOUS_MOVE = YES;
				CLANG_WARN_UNGUARDED_AVAILABILITY = YES_AGGRESSIVE;
				CLANG_WARN_UNREACHABLE_CODE = YES;
				CLANG_WARN__DUPLICATE_METHOD_MATCH = YES;
				COPY_PHASE_STRIP = NO;
				DEBUG_INFORMATION_FORMAT = dwarf;
				ENABLE_STRICT_OBJC_MSGSEND = YES;
				ENABLE_TESTABILITY = YES;
				GCC_C_LANGUAGE_STANDARD = gnu11;
				GCC_DYNAMIC_NO_PIC = NO;
				GCC_NO_COMMON_BLOCKS = YES;
				GCC_OPTIMIZATION_LEVEL = 0;
				GCC_PREPROCESSOR_DEFINITIONS = (
					"DEBUG=1",
					"$(inherited)",
				);
				GCC_WARN_64_TO_32_BIT_CONVERSION = YES;
				GCC_WARN_ABOUT_RETURN_TYPE = YES_ERROR;
				GCC_WARN_UNDECLARED_SELECTOR = YES;
				GCC_WARN_UNINITIALIZED_AUTOS = YES_AGGRESSIVE;
				GCC_WARN_UNUSED_FUNCTION = YES;
				GCC_WARN_UNUSED_VARIABLE = YES;
				IPHONEOS_DEPLOYMENT_TARGET = 14.2;
				MTL_ENABLE_DEBUG_INFO = INCLUDE_SOURCE;
				MTL_FAST_MATH = YES;
				ONLY_ACTIVE_ARCH = YES;
				SDKROOT = iphoneos;
				SWIFT_ACTIVE_COMPILATION_CONDITIONS = DEBUG;
				SWIFT_OPTIMIZATION_LEVEL = "-Onone";
			};
			name = Debug;
		};
		C91443B3256B50DB003699B1 /* Release */ = {
			isa = XCBuildConfiguration;
			buildSettings = {
				ALWAYS_SEARCH_USER_PATHS = NO;
				CLANG_ANALYZER_NONNULL = YES;
				CLANG_ANALYZER_NUMBER_OBJECT_CONVERSION = YES_AGGRESSIVE;
				CLANG_CXX_LANGUAGE_STANDARD = "gnu++14";
				CLANG_CXX_LIBRARY = "libc++";
				CLANG_ENABLE_MODULES = YES;
				CLANG_ENABLE_OBJC_ARC = YES;
				CLANG_ENABLE_OBJC_WEAK = YES;
				CLANG_WARN_BLOCK_CAPTURE_AUTORELEASING = YES;
				CLANG_WARN_BOOL_CONVERSION = YES;
				CLANG_WARN_COMMA = YES;
				CLANG_WARN_CONSTANT_CONVERSION = YES;
				CLANG_WARN_DEPRECATED_OBJC_IMPLEMENTATIONS = YES;
				CLANG_WARN_DIRECT_OBJC_ISA_USAGE = YES_ERROR;
				CLANG_WARN_DOCUMENTATION_COMMENTS = YES;
				CLANG_WARN_EMPTY_BODY = YES;
				CLANG_WARN_ENUM_CONVERSION = YES;
				CLANG_WARN_INFINITE_RECURSION = YES;
				CLANG_WARN_INT_CONVERSION = YES;
				CLANG_WARN_NON_LITERAL_NULL_CONVERSION = YES;
				CLANG_WARN_OBJC_IMPLICIT_RETAIN_SELF = YES;
				CLANG_WARN_OBJC_LITERAL_CONVERSION = YES;
				CLANG_WARN_OBJC_ROOT_CLASS = YES_ERROR;
				CLANG_WARN_QUOTED_INCLUDE_IN_FRAMEWORK_HEADER = YES;
				CLANG_WARN_RANGE_LOOP_ANALYSIS = YES;
				CLANG_WARN_STRICT_PROTOTYPES = YES;
				CLANG_WARN_SUSPICIOUS_MOVE = YES;
				CLANG_WARN_UNGUARDED_AVAILABILITY = YES_AGGRESSIVE;
				CLANG_WARN_UNREACHABLE_CODE = YES;
				CLANG_WARN__DUPLICATE_METHOD_MATCH = YES;
				COPY_PHASE_STRIP = NO;
				DEBUG_INFORMATION_FORMAT = "dwarf-with-dsym";
				ENABLE_NS_ASSERTIONS = NO;
				ENABLE_STRICT_OBJC_MSGSEND = YES;
				GCC_C_LANGUAGE_STANDARD = gnu11;
				GCC_NO_COMMON_BLOCKS = YES;
				GCC_WARN_64_TO_32_BIT_CONVERSION = YES;
				GCC_WARN_ABOUT_RETURN_TYPE = YES_ERROR;
				GCC_WARN_UNDECLARED_SELECTOR = YES;
				GCC_WARN_UNINITIALIZED_AUTOS = YES_AGGRESSIVE;
				GCC_WARN_UNUSED_FUNCTION = YES;
				GCC_WARN_UNUSED_VARIABLE = YES;
				IPHONEOS_DEPLOYMENT_TARGET = 14.2;
				MTL_ENABLE_DEBUG_INFO = NO;
				MTL_FAST_MATH = YES;
				SDKROOT = iphoneos;
				SWIFT_COMPILATION_MODE = wholemodule;
				SWIFT_OPTIMIZATION_LEVEL = "-O";
				VALIDATE_PRODUCT = YES;
			};
			name = Release;
		};
		C91443B5256B50DB003699B1 /* Debug */ = {
			isa = XCBuildConfiguration;
			buildSettings = {
				ASSETCATALOG_COMPILER_APPICON_NAME = AppIcon;
				ASSETCATALOG_COMPILER_GLOBAL_ACCENT_COLOR_NAME = AccentColor;
				CODE_SIGN_STYLE = Automatic;
				DEVELOPMENT_TEAM = E957UHC477;
				INFOPLIST_FILE = LogisticsInformationList/Info.plist;
				LD_RUNPATH_SEARCH_PATHS = (
					"$(inherited)",
					"@executable_path/Frameworks",
				);
				PRODUCT_BUNDLE_IDENTIFIER = com.KaiYa.LogisticsInformationList;
				PRODUCT_NAME = "$(TARGET_NAME)";
				SWIFT_VERSION = 5.0;
				TARGETED_DEVICE_FAMILY = "1,2";
			};
			name = Debug;
		};
		C91443B6256B50DB003699B1 /* Release */ = {
			isa = XCBuildConfiguration;
			buildSettings = {
				ASSETCATALOG_COMPILER_APPICON_NAME = AppIcon;
				ASSETCATALOG_COMPILER_GLOBAL_ACCENT_COLOR_NAME = AccentColor;
				CODE_SIGN_STYLE = Automatic;
				DEVELOPMENT_TEAM = E957UHC477;
				INFOPLIST_FILE = LogisticsInformationList/Info.plist;
				LD_RUNPATH_SEARCH_PATHS = (
					"$(inherited)",
					"@executable_path/Frameworks",
				);
				PRODUCT_BUNDLE_IDENTIFIER = com.KaiYa.LogisticsInformationList;
				PRODUCT_NAME = "$(TARGET_NAME)";
				SWIFT_VERSION = 5.0;
				TARGETED_DEVICE_FAMILY = "1,2";
			};
			name = Release;
		};
		C91443B8256B50DB003699B1 /* Debug */ = {
			isa = XCBuildConfiguration;
			buildSettings = {
				ALWAYS_EMBED_SWIFT_STANDARD_LIBRARIES = YES;
				BUNDLE_LOADER = "$(TEST_HOST)";
				CODE_SIGN_STYLE = Automatic;
				DEVELOPMENT_TEAM = E957UHC477;
				INFOPLIST_FILE = LogisticsInformationListTests/Info.plist;
				IPHONEOS_DEPLOYMENT_TARGET = 14.2;
				LD_RUNPATH_SEARCH_PATHS = (
					"$(inherited)",
					"@executable_path/Frameworks",
					"@loader_path/Frameworks",
				);
				PRODUCT_BUNDLE_IDENTIFIER = com.KaiYa.LogisticsInformationListTests;
				PRODUCT_NAME = "$(TARGET_NAME)";
				SWIFT_VERSION = 5.0;
				TARGETED_DEVICE_FAMILY = "1,2";
				TEST_HOST = "$(BUILT_PRODUCTS_DIR)/LogisticsInformationList.app/LogisticsInformationList";
			};
			name = Debug;
		};
		C91443B9256B50DB003699B1 /* Release */ = {
			isa = XCBuildConfiguration;
			buildSettings = {
				ALWAYS_EMBED_SWIFT_STANDARD_LIBRARIES = YES;
				BUNDLE_LOADER = "$(TEST_HOST)";
				CODE_SIGN_STYLE = Automatic;
				DEVELOPMENT_TEAM = E957UHC477;
				INFOPLIST_FILE = LogisticsInformationListTests/Info.plist;
				IPHONEOS_DEPLOYMENT_TARGET = 14.2;
				LD_RUNPATH_SEARCH_PATHS = (
					"$(inherited)",
					"@executable_path/Frameworks",
					"@loader_path/Frameworks",
				);
				PRODUCT_BUNDLE_IDENTIFIER = com.KaiYa.LogisticsInformationListTests;
				PRODUCT_NAME = "$(TARGET_NAME)";
				SWIFT_VERSION = 5.0;
				TARGETED_DEVICE_FAMILY = "1,2";
				TEST_HOST = "$(BUILT_PRODUCTS_DIR)/LogisticsInformationList.app/LogisticsInformationList";
			};
			name = Release;
		};
		C91443BB256B50DB003699B1 /* Debug */ = {
			isa = XCBuildConfiguration;
			buildSettings = {
				ALWAYS_EMBED_SWIFT_STANDARD_LIBRARIES = YES;
				CODE_SIGN_STYLE = Automatic;
				DEVELOPMENT_TEAM = E957UHC477;
				INFOPLIST_FILE = LogisticsInformationListUITests/Info.plist;
				LD_RUNPATH_SEARCH_PATHS = (
					"$(inherited)",
					"@executable_path/Frameworks",
					"@loader_path/Frameworks",
				);
				PRODUCT_BUNDLE_IDENTIFIER = com.KaiYa.LogisticsInformationListUITests;
				PRODUCT_NAME = "$(TARGET_NAME)";
				SWIFT_VERSION = 5.0;
				TARGETED_DEVICE_FAMILY = "1,2";
				TEST_TARGET_NAME = LogisticsInformationList;
			};
			name = Debug;
		};
		C91443BC256B50DB003699B1 /* Release */ = {
			isa = XCBuildConfiguration;
			buildSettings = {
				ALWAYS_EMBED_SWIFT_STANDARD_LIBRARIES = YES;
				CODE_SIGN_STYLE = Automatic;
				DEVELOPMENT_TEAM = E957UHC477;
				INFOPLIST_FILE = LogisticsInformationListUITests/Info.plist;
				LD_RUNPATH_SEARCH_PATHS = (
					"$(inherited)",
					"@executable_path/Frameworks",
					"@loader_path/Frameworks",
				);
				PRODUCT_BUNDLE_IDENTIFIER = com.KaiYa.LogisticsInformationListUITests;
				PRODUCT_NAME = "$(TARGET_NAME)";
				SWIFT_VERSION = 5.0;
				TARGETED_DEVICE_FAMILY = "1,2";
				TEST_TARGET_NAME = LogisticsInformationList;
			};
			name = Release;
		};
/* End XCBuildConfiguration section */

/* Begin XCConfigurationList section */
		C9144385256B50D7003699B1 /* Build configuration list for PBXProject "LogisticsInformationList" */ = {
			isa = XCConfigurationList;
			buildConfigurations = (
				C91443B2256B50DB003699B1 /* Debug */,
				C91443B3256B50DB003699B1 /* Release */,
			);
			defaultConfigurationIsVisible = 0;
			defaultConfigurationName = Release;
		};
		C91443B4256B50DB003699B1 /* Build configuration list for PBXNativeTarget "LogisticsInformationList" */ = {
			isa = XCConfigurationList;
			buildConfigurations = (
				C91443B5256B50DB003699B1 /* Debug */,
				C91443B6256B50DB003699B1 /* Release */,
			);
			defaultConfigurationIsVisible = 0;
			defaultConfigurationName = Release;
		};
		C91443B7256B50DB003699B1 /* Build configuration list for PBXNativeTarget "LogisticsInformationListTests" */ = {
			isa = XCConfigurationList;
			buildConfigurations = (
				C91443B8256B50DB003699B1 /* Debug */,
				C91443B9256B50DB003699B1 /* Release */,
			);
			defaultConfigurationIsVisible = 0;
			defaultConfigurationName = Release;
		};
		C91443BA256B50DB003699B1 /* Build configuration list for PBXNativeTarget "LogisticsInformationListUITests" */ = {
			isa = XCConfigurationList;
			buildConfigurations = (
				C91443BB256B50DB003699B1 /* Debug */,
				C91443BC256B50DB003699B1 /* Release */,
			);
			defaultConfigurationIsVisible = 0;
			defaultConfigurationName = Release;
		};
/* End XCConfigurationList section */
	};
	rootObject = C9144382256B50D7003699B1 /* Project object */;
}
